Microsoft Visual Studio Solution File, Format Version 12.00
# Visual Studio Version 17
VisualStudioVersion = 17.5.2.0
MinimumVisualStudioVersion = 10.0.40219.1
Project("{FAE04EC0-301F-11D3-BF4B-00C04F79EFBC}") = "LudumDare57", "LudumDare57.csproj", "{F7E3EBAA-F2EB-1A87-AAEC-E268D6369210}"
EndProject
Global
	GlobalSection(SolutionConfigurationPlatforms) = preSolution
		Debug|Any CPU = Debug|Any CPU
		Release|Any CPU = Release|Any CPU
	EndGlobalSection
	GlobalSection(ProjectConfigurationPlatforms) = postSolution
		{F7E3EBAA-F2EB-1A87-AAEC-E268D6369210}.Debug|Any CPU.ActiveCfg = Debug|Any CPU
		{F7E3EBAA-F2EB-1A87-AAEC-E268D6369210}.Debug|Any CPU.Build.0 = Debug|Any CPU
		{F7E3EBAA-F2EB-1A87-AAEC-E268D6369210}.Release|Any CPU.ActiveCfg = Release|Any CPU
		{F7E3EBAA-F2EB-1A87-AAEC-E268D6369210}.Release|Any CPU.Build.0 = Release|Any CPU
	EndGlobalSection
	GlobalSection(SolutionProperties) = preSolution
		HideSolutionNode = FALSE
	EndGlobalSection
	GlobalSection(ExtensibilityGlobals) = postSolution
		SolutionGuid = {A402D6BB-1B2F-4E48-81EA-71D4EE11F5F9}
	EndGlobalSection
EndGlobal
